// !$*UTF8*$!
{
	archiveVersion = 1;
	classes = {
	};
	objectVersion = 55;
	objects = {

/* Begin PBXBuildFile section */
		070CFC7128D1D7E200F05CEE /* AudioRecorderService.swift in Sources */ = {isa = PBXBuildFile; fileRef = 070CFC7028D1D7E200F05CEE /* AudioRecorderService.swift */; };
		07376B5D28C9D1F6006DBBEA /* VoiceRecorderAppApp.swift in Sources */ = {isa = PBXBuildFile; fileRef = 07376B5C28C9D1F6006DBBEA /* VoiceRecorderAppApp.swift */; };
		07376B5F28C9D1F6006DBBEA /* RecorderView.swift in Sources */ = {isa = PBXBuildFile; fileRef = 07376B5E28C9D1F6006DBBEA /* RecorderView.swift */; };
		07376B6128C9D1F7006DBBEA /* Assets.xcassets in Resources */ = {isa = PBXBuildFile; fileRef = 07376B6028C9D1F7006DBBEA /* Assets.xcassets */; };
		07376B6428C9D1F7006DBBEA /* Preview Assets.xcassets in Resources */ = {isa = PBXBuildFile; fileRef = 07376B6328C9D1F7006DBBEA /* Preview Assets.xcassets */; };
		07376B6E28C9D298006DBBEA /* RecorderViewModel.swift in Sources */ = {isa = PBXBuildFile; fileRef = 07376B6D28C9D298006DBBEA /* RecorderViewModel.swift */; };
		07376B7428C9D2E3006DBBEA /* DateStringExtension.swift in Sources */ = {isa = PBXBuildFile; fileRef = 07376B7328C9D2E3006DBBEA /* DateStringExtension.swift */; };
		07376B7628C9D33F006DBBEA /* RecordingListViewFile.swift in Sources */ = {isa = PBXBuildFile; fileRef = 07376B7528C9D33F006DBBEA /* RecordingListViewFile.swift */; };
		0737B2D428D065F800C781B3 /* AudioPlayerService.swift in Sources */ = {isa = PBXBuildFile; fileRef = 0737B2D328D065F800C781B3 /* AudioPlayerService.swift */; };
		0771288F28DD19FC009EAB9E /* FilesView.swift in Sources */ = {isa = PBXBuildFile; fileRef = 0771288E28DD19FC009EAB9E /* FilesView.swift */; };
		0771289128DD1AF3009EAB9E /* TextFieldView.swift in Sources */ = {isa = PBXBuildFile; fileRef = 0771289028DD1AF3009EAB9E /* TextFieldView.swift */; };
		0771289528DD43E8009EAB9E /* FileListView.swift in Sources */ = {isa = PBXBuildFile; fileRef = 0771289428DD43E8009EAB9E /* FileListView.swift */; };
		0771289C28DD7648009EAB9E /* RecordingModel.xcdatamodeld in Sources */ = {isa = PBXBuildFile; fileRef = 0771289A28DD7647009EAB9E /* RecordingModel.xcdatamodeld */; };
		077128A128DD7663009EAB9E /* Recording+CoreDataClass.swift in Sources */ = {isa = PBXBuildFile; fileRef = 0771289D28DD7663009EAB9E /* Recording+CoreDataClass.swift */; };
		077128A228DD7663009EAB9E /* Recording+CoreDataProperties.swift in Sources */ = {isa = PBXBuildFile; fileRef = 0771289E28DD7663009EAB9E /* Recording+CoreDataProperties.swift */; };
		077128A328DD7663009EAB9E /* Folder+CoreDataClass.swift in Sources */ = {isa = PBXBuildFile; fileRef = 0771289F28DD7663009EAB9E /* Folder+CoreDataClass.swift */; };
		077128A428DD7663009EAB9E /* Folder+CoreDataProperties.swift in Sources */ = {isa = PBXBuildFile; fileRef = 077128A028DD7663009EAB9E /* Folder+CoreDataProperties.swift */; };
		0799ED4928DC8574007E5538 /* CoreDataManager.swift in Sources */ = {isa = PBXBuildFile; fileRef = 0799ED4828DC8574007E5538 /* CoreDataManager.swift */; };
		07FF352928CD7DA200949580 /* AudioPlayerView.swift in Sources */ = {isa = PBXBuildFile; fileRef = 07FF352828CD7DA200949580 /* AudioPlayerView.swift */; };
/* End PBXBuildFile section */

/* Begin PBXFileReference section */
		070CFC7028D1D7E200F05CEE /* AudioRecorderService.swift */ = {isa = PBXFileReference; lastKnownFileType = sourcecode.swift; path = AudioRecorderService.swift; sourceTree = "<group>"; };
		07376B5928C9D1F6006DBBEA /* VoiceRecorderApp.app */ = {isa = PBXFileReference; explicitFileType = wrapper.application; includeInIndex = 0; path = VoiceRecorderApp.app; sourceTree = BUILT_PRODUCTS_DIR; };
		07376B5C28C9D1F6006DBBEA /* VoiceRecorderAppApp.swift */ = {isa = PBXFileReference; lastKnownFileType = sourcecode.swift; path = VoiceRecorderAppApp.swift; sourceTree = "<group>"; };
		07376B5E28C9D1F6006DBBEA /* RecorderView.swift */ = {isa = PBXFileReference; lastKnownFileType = sourcecode.swift; path = RecorderView.swift; sourceTree = "<group>"; };
		07376B6028C9D1F7006DBBEA /* Assets.xcassets */ = {isa = PBXFileReference; lastKnownFileType = folder.assetcatalog; path = Assets.xcassets; sourceTree = "<group>"; };
		07376B6328C9D1F7006DBBEA /* Preview Assets.xcassets */ = {isa = PBXFileReference; lastKnownFileType = folder.assetcatalog; path = "Preview Assets.xcassets"; sourceTree = "<group>"; };
		07376B6D28C9D298006DBBEA /* RecorderViewModel.swift */ = {isa = PBXFileReference; lastKnownFileType = sourcecode.swift; path = RecorderViewModel.swift; sourceTree = "<group>"; };
		07376B7328C9D2E3006DBBEA /* DateStringExtension.swift */ = {isa = PBXFileReference; lastKnownFileType = sourcecode.swift; path = DateStringExtension.swift; sourceTree = "<group>"; };
		07376B7528C9D33F006DBBEA /* RecordingListViewFile.swift */ = {isa = PBXFileReference; lastKnownFileType = sourcecode.swift; path = RecordingListViewFile.swift; sourceTree = "<group>"; };
		07376B7728C9D3C2006DBBEA /* Info.plist */ = {isa = PBXFileReference; lastKnownFileType = text.plist; path = Info.plist; sourceTree = "<group>"; };
		0737B2D328D065F800C781B3 /* AudioPlayerService.swift */ = {isa = PBXFileReference; lastKnownFileType = sourcecode.swift; path = AudioPlayerService.swift; sourceTree = "<group>"; };
		0771288E28DD19FC009EAB9E /* FilesView.swift */ = {isa = PBXFileReference; lastKnownFileType = sourcecode.swift; path = FilesView.swift; sourceTree = "<group>"; };
		0771289028DD1AF3009EAB9E /* TextFieldView.swift */ = {isa = PBXFileReference; lastKnownFileType = sourcecode.swift; path = TextFieldView.swift; sourceTree = "<group>"; };
		0771289428DD43E8009EAB9E /* FileListView.swift */ = {isa = PBXFileReference; lastKnownFileType = sourcecode.swift; path = FileListView.swift; sourceTree = "<group>"; };
		0771289B28DD7647009EAB9E /* RecordingModel.xcdatamodel */ = {isa = PBXFileReference; lastKnownFileType = wrapper.xcdatamodel; path = RecordingModel.xcdatamodel; sourceTree = "<group>"; };
		0771289D28DD7663009EAB9E /* Recording+CoreDataClass.swift */ = {isa = PBXFileReference; lastKnownFileType = sourcecode.swift; path = "Recording+CoreDataClass.swift"; sourceTree = "<group>"; };
		0771289E28DD7663009EAB9E /* Recording+CoreDataProperties.swift */ = {isa = PBXFileReference; lastKnownFileType = sourcecode.swift; path = "Recording+CoreDataProperties.swift"; sourceTree = "<group>"; };
		0771289F28DD7663009EAB9E /* Folder+CoreDataClass.swift */ = {isa = PBXFileReference; lastKnownFileType = sourcecode.swift; path = "Folder+CoreDataClass.swift"; sourceTree = "<group>"; };
		077128A028DD7663009EAB9E /* Folder+CoreDataProperties.swift */ = {isa = PBXFileReference; lastKnownFileType = sourcecode.swift; path = "Folder+CoreDataProperties.swift"; sourceTree = "<group>"; };
		0799ED4828DC8574007E5538 /* CoreDataManager.swift */ = {isa = PBXFileReference; lastKnownFileType = sourcecode.swift; path = CoreDataManager.swift; sourceTree = "<group>"; };
		07FF352828CD7DA200949580 /* AudioPlayerView.swift */ = {isa = PBXFileReference; lastKnownFileType = sourcecode.swift; path = AudioPlayerView.swift; sourceTree = "<group>"; };
/* End PBXFileReference section */

/* Begin PBXFrameworksBuildPhase section */
		07376B5628C9D1F6006DBBEA /* Frameworks */ = {
			isa = PBXFrameworksBuildPhase;
			buildActionMask = 2147483647;
			files = (
			);
			runOnlyForDeploymentPostprocessing = 0;
		};
/* End PBXFrameworksBuildPhase section */

/* Begin PBXGroup section */
		0731439628C9E4FD00C1A9B1 /* Models */ = {
			isa = PBXGroup;
			children = (
				0771289A28DD7647009EAB9E /* RecordingModel.xcdatamodeld */,
			);
			path = Models;
			sourceTree = "<group>";
		};
		07376B5028C9D1F6006DBBEA = {
			isa = PBXGroup;
			children = (
				0771289D28DD7663009EAB9E /* Recording+CoreDataClass.swift */,
				0771289E28DD7663009EAB9E /* Recording+CoreDataProperties.swift */,
				0771289F28DD7663009EAB9E /* Folder+CoreDataClass.swift */,
				077128A028DD7663009EAB9E /* Folder+CoreDataProperties.swift */,
				0771289728DD646F009EAB9E /* App */,
				07376B5B28C9D1F6006DBBEA /* VoiceRecorderApp */,
				07376B5A28C9D1F6006DBBEA /* Products */,
			);
			sourceTree = "<group>";
		};
		07376B5A28C9D1F6006DBBEA /* Products */ = {
			isa = PBXGroup;
			children = (
				07376B5928C9D1F6006DBBEA /* VoiceRecorderApp.app */,
			);
			name = Products;
			sourceTree = "<group>";
		};
		07376B5B28C9D1F6006DBBEA /* VoiceRecorderApp */ = {
			isa = PBXGroup;
			children = (
				0799ED4728DC8557007E5538 /* CoreDataManager */,
				0737B2D228D065E200C781B3 /* Services */,
				0731439628C9E4FD00C1A9B1 /* Models */,
				07376B6A28C9D248006DBBEA /* Views */,
				07376B6C28C9D259006DBBEA /* ViewModel */,
				07D52EA928CB560000D802BA /* Extension */,
				07376B7728C9D3C2006DBBEA /* Info.plist */,
				07376B6028C9D1F7006DBBEA /* Assets.xcassets */,
				07376B6228C9D1F7006DBBEA /* Preview Content */,
			);
			path = VoiceRecorderApp;
			sourceTree = "<group>";
		};
		07376B6228C9D1F7006DBBEA /* Preview Content */ = {
			isa = PBXGroup;
			children = (
				07376B6328C9D1F7006DBBEA /* Preview Assets.xcassets */,
			);
			path = "Preview Content";
			sourceTree = "<group>";
		};
		07376B6A28C9D248006DBBEA /* Views */ = {
			isa = PBXGroup;
			children = (
				0771289228DD4284009EAB9E /* FilesView */,
				0771289328DD429D009EAB9E /* RecorderView */,
				0771289928DD64A2009EAB9E /* Playerview */,
			);
			path = Views;
			sourceTree = "<group>";
		};
		07376B6C28C9D259006DBBEA /* ViewModel */ = {
			isa = PBXGroup;
			children = (
				07376B6D28C9D298006DBBEA /* RecorderViewModel.swift */,
			);
			path = ViewModel;
			sourceTree = "<group>";
		};
		0737B2D228D065E200C781B3 /* Services */ = {
			isa = PBXGroup;
			children = (
				0737B2D328D065F800C781B3 /* AudioPlayerService.swift */,
				070CFC7028D1D7E200F05CEE /* AudioRecorderService.swift */,
			);
			path = Services;
			sourceTree = "<group>";
		};
		0771289228DD4284009EAB9E /* FilesView */ = {
			isa = PBXGroup;
			children = (
				0771288E28DD19FC009EAB9E /* FilesView.swift */,
				0771289428DD43E8009EAB9E /* FileListView.swift */,
				0771289028DD1AF3009EAB9E /* TextFieldView.swift */,
			);
			path = FilesView;
			sourceTree = "<group>";
		};
		0771289328DD429D009EAB9E /* RecorderView */ = {
			isa = PBXGroup;
			children = (
				07376B5E28C9D1F6006DBBEA /* RecorderView.swift */,
				07376B7528C9D33F006DBBEA /* RecordingListViewFile.swift */,
			);
			path = RecorderView;
			sourceTree = "<group>";
		};
		0771289728DD646F009EAB9E /* App */ = {
			isa = PBXGroup;
			children = (
				07376B5C28C9D1F6006DBBEA /* VoiceRecorderAppApp.swift */,
			);
			path = App;
			sourceTree = "<group>";
		};
		0771289928DD64A2009EAB9E /* Playerview */ = {
			isa = PBXGroup;
			children = (
				07FF352828CD7DA200949580 /* AudioPlayerView.swift */,
			);
			path = Playerview;
			sourceTree = "<group>";
		};
		0799ED4728DC8557007E5538 /* CoreDataManager */ = {
			isa = PBXGroup;
			children = (
				0799ED4828DC8574007E5538 /* CoreDataManager.swift */,
			);
			path = CoreDataManager;
			sourceTree = "<group>";
		};
		07D52EA928CB560000D802BA /* Extension */ = {
			isa = PBXGroup;
			children = (
				07376B7328C9D2E3006DBBEA /* DateStringExtension.swift */,
			);
			path = Extension;
			sourceTree = "<group>";
		};
/* End PBXGroup section */

/* Begin PBXNativeTarget section */
		07376B5828C9D1F6006DBBEA /* VoiceRecorderApp */ = {
			isa = PBXNativeTarget;
			buildConfigurationList = 07376B6728C9D1F7006DBBEA /* Build configuration list for PBXNativeTarget "VoiceRecorderApp" */;
			buildPhases = (
				07376B5528C9D1F6006DBBEA /* Sources */,
				07376B5628C9D1F6006DBBEA /* Frameworks */,
				07376B5728C9D1F6006DBBEA /* Resources */,
			);
			buildRules = (
			);
			dependencies = (
			);
			name = VoiceRecorderApp;
			productName = VoiceRecorderApp;
			productReference = 07376B5928C9D1F6006DBBEA /* VoiceRecorderApp.app */;
			productType = "com.apple.product-type.application";
		};
/* End PBXNativeTarget section */

/* Begin PBXProject section */
		07376B5128C9D1F6006DBBEA /* Project object */ = {
			isa = PBXProject;
			attributes = {
				BuildIndependentTargetsInParallel = 1;
				LastSwiftUpdateCheck = 1340;
				LastUpgradeCheck = 1340;
				TargetAttributes = {
					07376B5828C9D1F6006DBBEA = {
						CreatedOnToolsVersion = 13.4.1;
					};
				};
			};
			buildConfigurationList = 07376B5428C9D1F6006DBBEA /* Build configuration list for PBXProject "VoiceRecorderApp" */;
			compatibilityVersion = "Xcode 13.0";
			developmentRegion = en;
			hasScannedForEncodings = 0;
			knownRegions = (
				en,
				Base,
			);
			mainGroup = 07376B5028C9D1F6006DBBEA;
			productRefGroup = 07376B5A28C9D1F6006DBBEA /* Products */;
			projectDirPath = "";
			projectRoot = "";
			targets = (
				07376B5828C9D1F6006DBBEA /* VoiceRecorderApp */,
			);
		};
/* End PBXProject section */

/* Begin PBXResourcesBuildPhase section */
		07376B5728C9D1F6006DBBEA /* Resources */ = {
			isa = PBXResourcesBuildPhase;
			buildActionMask = 2147483647;
			files = (
				07376B6428C9D1F7006DBBEA /* Preview Assets.xcassets in Resources */,
				07376B6128C9D1F7006DBBEA /* Assets.xcassets in Resources */,
			);
			runOnlyForDeploymentPostprocessing = 0;
		};
/* End PBXResourcesBuildPhase section */

/* Begin PBXSourcesBuildPhase section */
		07376B5528C9D1F6006DBBEA /* Sources */ = {
			isa = PBXSourcesBuildPhase;
			buildActionMask = 2147483647;
			files = (
				0771288F28DD19FC009EAB9E /* FilesView.swift in Sources */,
				0799ED4928DC8574007E5538 /* CoreDataManager.swift in Sources */,
				0737B2D428D065F800C781B3 /* AudioPlayerService.swift in Sources */,
				07376B6E28C9D298006DBBEA /* RecorderViewModel.swift in Sources */,
				0771289528DD43E8009EAB9E /* FileListView.swift in Sources */,
				070CFC7128D1D7E200F05CEE /* AudioRecorderService.swift in Sources */,
				0771289128DD1AF3009EAB9E /* TextFieldView.swift in Sources */,
				07376B5F28C9D1F6006DBBEA /* RecorderView.swift in Sources */,
				077128A128DD7663009EAB9E /* Recording+CoreDataClass.swift in Sources */,
				0771289C28DD7648009EAB9E /* RecordingModel.xcdatamodeld in Sources */,
				077128A328DD7663009EAB9E /* Folder+CoreDataClass.swift in Sources */,
				07FF352928CD7DA200949580 /* AudioPlayerView.swift in Sources */,
				07376B7428C9D2E3006DBBEA /* DateStringExtension.swift in Sources */,
				077128A228DD7663009EAB9E /* Recording+CoreDataProperties.swift in Sources */,
				077128A428DD7663009EAB9E /* Folder+CoreDataProperties.swift in Sources */,
				07376B7628C9D33F006DBBEA /* RecordingListViewFile.swift in Sources */,
				07376B5D28C9D1F6006DBBEA /* VoiceRecorderAppApp.swift in Sources */,
			);
			runOnlyForDeploymentPostprocessing = 0;
		};
/* End PBXSourcesBuildPhase section */

/* Begin XCBuildConfiguration section */
		07376B6528C9D1F7006DBBEA /* Debug */ = {
			isa = XCBuildConfiguration;
			buildSettings = {
				ALWAYS_SEARCH_USER_PATHS = NO;
				CLANG_ANALYZER_NONNULL = YES;
				CLANG_ANALYZER_NUMBER_OBJECT_CONVERSION = YES_AGGRESSIVE;
				CLANG_CXX_LANGUAGE_STANDARD = "gnu++17";
				CLANG_ENABLE_MODULES = YES;
				CLANG_ENABLE_OBJC_ARC = YES;
				CLANG_ENABLE_OBJC_WEAK = YES;
				CLANG_WARN_BLOCK_CAPTURE_AUTORELEASING = YES;
				CLANG_WARN_BOOL_CONVERSION = YES;
				CLANG_WARN_COMMA = YES;
				CLANG_WARN_CONSTANT_CONVERSION = YES;
				CLANG_WARN_DEPRECATED_OBJC_IMPLEMENTATIONS = YES;
				CLANG_WARN_DIRECT_OBJC_ISA_USAGE = YES_ERROR;
				CLANG_WARN_DOCUMENTATION_COMMENTS = YES;
				CLANG_WARN_EMPTY_BODY = YES;
				CLANG_WARN_ENUM_CONVERSION = YES;
				CLANG_WARN_INFINITE_RECURSION = YES;
				CLANG_WARN_INT_CONVERSION = YES;
				CLANG_WARN_NON_LITERAL_NULL_CONVERSION = YES;
				CLANG_WARN_OBJC_IMPLICIT_RETAIN_SELF = YES;
				CLANG_WARN_OBJC_LITERAL_CONVERSION = YES;
				CLANG_WARN_OBJC_ROOT_CLASS = YES_ERROR;
				CLANG_WARN_QUOTED_INCLUDE_IN_FRAMEWORK_HEADER = YES;
				CLANG_WARN_RANGE_LOOP_ANALYSIS = YES;
				CLANG_WARN_STRICT_PROTOTYPES = YES;
				CLANG_WARN_SUSPICIOUS_MOVE = YES;
				CLANG_WARN_UNGUARDED_AVAILABILITY = YES_AGGRESSIVE;
				CLANG_WARN_UNREACHABLE_CODE = YES;
				CLANG_WARN__DUPLICATE_METHOD_MATCH = YES;
				COPY_PHASE_STRIP = NO;
				DEBUG_INFORMATION_FORMAT = dwarf;
				ENABLE_STRICT_OBJC_MSGSEND = YES;
				ENABLE_TESTABILITY = YES;
				GCC_C_LANGUAGE_STANDARD = gnu11;
				GCC_DYNAMIC_NO_PIC = NO;
				GCC_NO_COMMON_BLOCKS = YES;
				GCC_OPTIMIZATION_LEVEL = 0;
				GCC_PREPROCESSOR_DEFINITIONS = (
					"DEBUG=1",
					"$(inherited)",
				);
				GCC_WARN_64_TO_32_BIT_CONVERSION = YES;
				GCC_WARN_ABOUT_RETURN_TYPE = YES_ERROR;
				GCC_WARN_UNDECLARED_SELECTOR = YES;
				GCC_WARN_UNINITIALIZED_AUTOS = YES_AGGRESSIVE;
				GCC_WARN_UNUSED_FUNCTION = YES;
				GCC_WARN_UNUSED_VARIABLE = YES;
				IPHONEOS_DEPLOYMENT_TARGET = 15.5;
				MTL_ENABLE_DEBUG_INFO = INCLUDE_SOURCE;
				MTL_FAST_MATH = YES;
				ONLY_ACTIVE_ARCH = YES;
				SDKROOT = iphoneos;
				SWIFT_ACTIVE_COMPILATION_CONDITIONS = DEBUG;
				SWIFT_OPTIMIZATION_LEVEL = "-Onone";
			};
			name = Debug;
		};
		07376B6628C9D1F7006DBBEA /* Release */ = {
			isa = XCBuildConfiguration;
			buildSettings = {
				ALWAYS_SEARCH_USER_PATHS = NO;
				CLANG_ANALYZER_NONNULL = YES;
				CLANG_ANALYZER_NUMBER_OBJECT_CONVERSION = YES_AGGRESSIVE;
				CLANG_CXX_LANGUAGE_STANDARD = "gnu++17";
				CLANG_ENABLE_MODULES = YES;
				CLANG_ENABLE_OBJC_ARC = YES;
				CLANG_ENABLE_OBJC_WEAK = YES;
				CLANG_WARN_BLOCK_CAPTURE_AUTORELEASING = YES;
				CLANG_WARN_BOOL_CONVERSION = YES;
				CLANG_WARN_COMMA = YES;
				CLANG_WARN_CONSTANT_CONVERSION = YES;
				CLANG_WARN_DEPRECATED_OBJC_IMPLEMENTATIONS = YES;
				CLANG_WARN_DIRECT_OBJC_ISA_USAGE = YES_ERROR;
				CLANG_WARN_DOCUMENTATION_COMMENTS = YES;
				CLANG_WARN_EMPTY_BODY = YES;
				CLANG_WARN_ENUM_CONVERSION = YES;
				CLANG_WARN_INFINITE_RECURSION = YES;
				CLANG_WARN_INT_CONVERSION = YES;
				CLANG_WARN_NON_LITERAL_NULL_CONVERSION = YES;
				CLANG_WARN_OBJC_IMPLICIT_RETAIN_SELF = YES;
				CLANG_WARN_OBJC_LITERAL_CONVERSION = YES;
				CLANG_WARN_OBJC_ROOT_CLASS = YES_ERROR;
				CLANG_WARN_QUOTED_INCLUDE_IN_FRAMEWORK_HEADER = YES;
				CLANG_WARN_RANGE_LOOP_ANALYSIS = YES;
				CLANG_WARN_STRICT_PROTOTYPES = YES;
				CLANG_WARN_SUSPICIOUS_MOVE = YES;
				CLANG_WARN_UNGUARDED_AVAILABILITY = YES_AGGRESSIVE;
				CLANG_WARN_UNREACHABLE_CODE = YES;
				CLANG_WARN__DUPLICATE_METHOD_MATCH = YES;
				COPY_PHASE_STRIP = NO;
				DEBUG_INFORMATION_FORMAT = "dwarf-with-dsym";
				ENABLE_NS_ASSERTIONS = NO;
				ENABLE_STRICT_OBJC_MSGSEND = YES;
				GCC_C_LANGUAGE_STANDARD = gnu11;
				GCC_NO_COMMON_BLOCKS = YES;
				GCC_WARN_64_TO_32_BIT_CONVERSION = YES;
				GCC_WARN_ABOUT_RETURN_TYPE = YES_ERROR;
				GCC_WARN_UNDECLARED_SELECTOR = YES;
				GCC_WARN_UNINITIALIZED_AUTOS = YES_AGGRESSIVE;
				GCC_WARN_UNUSED_FUNCTION = YES;
				GCC_WARN_UNUSED_VARIABLE = YES;
				IPHONEOS_DEPLOYMENT_TARGET = 15.5;
				MTL_ENABLE_DEBUG_INFO = NO;
				MTL_FAST_MATH = YES;
				SDKROOT = iphoneos;
				SWIFT_COMPILATION_MODE = wholemodule;
				SWIFT_OPTIMIZATION_LEVEL = "-O";
				VALIDATE_PRODUCT = YES;
			};
			name = Release;
		};
		07376B6828C9D1F7006DBBEA /* Debug */ = {
			isa = XCBuildConfiguration;
			buildSettings = {
				ASSETCATALOG_COMPILER_APPICON_NAME = AppIcon;
				ASSETCATALOG_COMPILER_GLOBAL_ACCENT_COLOR_NAME = AccentColor;
				CODE_SIGN_IDENTITY = "Apple Development";
				CODE_SIGN_STYLE = Automatic;
				CURRENT_PROJECT_VERSION = 1;
				DEVELOPMENT_ASSET_PATHS = "\"VoiceRecorderApp/Preview Content\"";
				DEVELOPMENT_TEAM = "";
				ENABLE_PREVIEWS = YES;
				GENERATE_INFOPLIST_FILE = YES;
				INFOPLIST_FILE = VoiceRecorderApp/Info.plist;
				INFOPLIST_KEY_UIApplicationSceneManifest_Generation = YES;
				INFOPLIST_KEY_UIApplicationSupportsIndirectInputEvents = YES;
				INFOPLIST_KEY_UILaunchScreen_Generation = YES;
				INFOPLIST_KEY_UISupportedInterfaceOrientations_iPad = "UIInterfaceOrientationPortrait UIInterfaceOrientationPortraitUpsideDown UIInterfaceOrientationLandscapeLeft UIInterfaceOrientationLandscapeRight";
				INFOPLIST_KEY_UISupportedInterfaceOrientations_iPhone = "UIInterfaceOrientationPortrait UIInterfaceOrientationLandscapeLeft UIInterfaceOrientationLandscapeRight";
				LD_RUNPATH_SEARCH_PATHS = (
					"$(inherited)",
					"@executable_path/Frameworks",
				);
				MARKETING_VERSION = 1.0;
				PRODUCT_BUNDLE_IDENTIFIER = com.VoiceRecorderApp;
				PRODUCT_NAME = "$(TARGET_NAME)";
				PROVISIONING_PROFILE_SPECIFIER = "";
				SWIFT_EMIT_LOC_STRINGS = YES;
				SWIFT_VERSION = 5.0;
				TARGETED_DEVICE_FAMILY = "1,2";
			};
			name = Debug;
		};
		07376B6928C9D1F7006DBBEA /* Release */ = {
			isa = XCBuildConfiguration;
			buildSettings = {
				ASSETCATALOG_COMPILER_APPICON_NAME = AppIcon;
				ASSETCATALOG_COMPILER_GLOBAL_ACCENT_COLOR_NAME = AccentColor;
				CODE_SIGN_IDENTITY = "Apple Development";
				CODE_SIGN_STYLE = Automatic;
				CURRENT_PROJECT_VERSION = 1;
				DEVELOPMENT_ASSET_PATHS = "\"VoiceRecorderApp/Preview Content\"";
				DEVELOPMENT_TEAM = "";
				ENABLE_PREVIEWS = YES;
				GENERATE_INFOPLIST_FILE = YES;
				INFOPLIST_FILE = VoiceRecorderApp/Info.plist;
				INFOPLIST_KEY_UIApplicationSceneManifest_Generation = YES;
				INFOPLIST_KEY_UIApplicationSupportsIndirectInputEvents = YES;
				INFOPLIST_KEY_UILaunchScreen_Generation = YES;
				INFOPLIST_KEY_UISupportedInterfaceOrientations_iPad = "UIInterfaceOrientationPortrait UIInterfaceOrientationPortraitUpsideDown UIInterfaceOrientationLandscapeLeft UIInterfaceOrientationLandscapeRight";
				INFOPLIST_KEY_UISupportedInterfaceOrientations_iPhone = "UIInterfaceOrientationPortrait UIInterfaceOrientationLandscapeLeft UIInterfaceOrientationLandscapeRight";
				LD_RUNPATH_SEARCH_PATHS = (
					"$(inherited)",
					"@executable_path/Frameworks",
				);
				MARKETING_VERSION = 1.0;
				PRODUCT_BUNDLE_IDENTIFIER = com.VoiceRecorderApp;
				PRODUCT_NAME = "$(TARGET_NAME)";
				PROVISIONING_PROFILE_SPECIFIER = "";
				SWIFT_EMIT_LOC_STRINGS = YES;
				SWIFT_VERSION = 5.0;
				TARGETED_DEVICE_FAMILY = "1,2";
			};
			name = Release;
		};
/* End XCBuildConfiguration section */

/* Begin XCConfigurationList section */
		07376B5428C9D1F6006DBBEA /* Build configuration list for PBXProject "VoiceRecorderApp" */ = {
			isa = XCConfigurationList;
			buildConfigurations = (
				07376B6528C9D1F7006DBBEA /* Debug */,
				07376B6628C9D1F7006DBBEA /* Release */,
			);
			defaultConfigurationIsVisible = 0;
			defaultConfigurationName = Release;
		};
		07376B6728C9D1F7006DBBEA /* Build configuration list for PBXNativeTarget "VoiceRecorderApp" */ = {
			isa = XCConfigurationList;
			buildConfigurations = (
				07376B6828C9D1F7006DBBEA /* Debug */,
				07376B6928C9D1F7006DBBEA /* Release */,
			);
			defaultConfigurationIsVisible = 0;
			defaultConfigurationName = Release;
		};
/* End XCConfigurationList section */

/* Begin XCVersionGroup section */
		0771289A28DD7647009EAB9E /* RecordingModel.xcdatamodeld */ = {
			isa = XCVersionGroup;
			children = (
				0771289B28DD7647009EAB9E /* RecordingModel.xcdatamodel */,
			);
			currentVersion = 0771289B28DD7647009EAB9E /* RecordingModel.xcdatamodel */;
			path = RecordingModel.xcdatamodeld;
			sourceTree = "<group>";
			versionGroupType = wrapper.xcdatamodel;
		};
/* End XCVersionGroup section */
	};
	rootObject = 07376B5128C9D1F6006DBBEA /* Project object */;
}
